
Microsoft Visual Studio Solution File, Format Version 12.00
# Visual Studio Version 17
VisualStudioVersion = 17.1.32210.238
MinimumVisualStudioVersion = 10.0.40219.1
Project("{9A19103F-16F7-4668-BE54-9A1E7A4F7556}") = "PaddleOCRSharp", "PaddleOCRSharp\PaddleOCRSharp.csproj", "{AB10D356-2D95-4460-96CA-9A7129AD0A76}"
EndProject
Project("{FAE04EC0-301F-11D3-BF4B-00C04F79EFBC}") = "PaddleOCRSharpDemo", "PaddleOCRDemo\PaddleOCRSharpDemo\PaddleOCRSharpDemo.csproj", "{74A506F6-A9CC-4799-98E9-A9A10255D06F}"
EndProject
Project("{8BC9CEB8-8B4A-11D0-8D11-00A0C91BC942}") = "PaddleOCRCppDemo", "PaddleOCRDemo\PaddleOCRCppDemo\PaddleOCRCppDemo.vcxproj", "{4F17D541-369A-4EE3-BB18-AF889B62E131}"
EndProject
Project("{2150E333-8FDC-42A3-9474-1A3956D46DE8}") = "PaddleOCRDemo", "PaddleOCRDemo", "{A3821481-6313-47B5-9655-AE6F8EF9A878}"
EndProject
Project("{FAE04EC0-301F-11D3-BF4B-00C04F79EFBC}") = "PaddleOCRSharp.runtime.win-x64", "PaddleOCRSharp.runtime.win-x64\PaddleOCRSharp.runtime.win-x64.csproj", "{DC4A3EEB-7FAF-4FBF-B5C6-6496FC493C4E}"
EndProject
Project("{FAE04EC0-301F-11D3-BF4B-00C04F79EFBC}") = "PaddleOCRSharp.Model.V4", "PaddleOCRSharp.Model.V4\PaddleOCRSharp.Model.V4.csproj", "{2C8C26A4-5527-48E2-9E8C-ECB253599923}"
EndProject
Project("{FAE04EC0-301F-11D3-BF4B-00C04F79EFBC}") = "PaddleOCRSharp.Model.V3", "PaddleOCRSharp.Model.V3\PaddleOCRSharp.Model.V3.csproj", "{943237CB-8F28-4DAB-BBF7-4A78FEC44471}"
EndProject
Project("{FAE04EC0-301F-11D3-BF4B-00C04F79EFBC}") = "PaddleOCRSharp.runtime.win-x64.compatible", "PaddleOCRSharp.runtime.win-x64.compatible\PaddleOCRSharp.runtime.win-x64.compatible.csproj", "{0BFB7371-CA0D-4EB5-8EB4-AEF296321235}"
EndProject
Project("{2150E333-8FDC-42A3-9474-1A3956D46DE8}") = "_", "_", "{71420F1A-8D12-46C9-B65F-21A198B264C3}"
	ProjectSection(SolutionItems) = preProject
		..\README.md = ..\README.md
		..\.gitignore = ..\.gitignore
	EndProjectSection
EndProject
Global
	GlobalSection(SolutionConfigurationPlatforms) = preSolution
		Debug|Any CPU = Debug|Any CPU
		Debug|x64 = Debug|x64
		Debug|x86 = Debug|x86
		Release|Any CPU = Release|Any CPU
		Release|x64 = Release|x64
		Release|x86 = Release|x86
	EndGlobalSection
	GlobalSection(ProjectConfigurationPlatforms) = postSolution
		{AB10D356-2D95-4460-96CA-9A7129AD0A76}.Debug|Any CPU.ActiveCfg = Debug|x64
		{AB10D356-2D95-4460-96CA-9A7129AD0A76}.Debug|Any CPU.Build.0 = Debug|x64
		{AB10D356-2D95-4460-96CA-9A7129AD0A76}.Debug|x64.ActiveCfg = Debug|x64
		{AB10D356-2D95-4460-96CA-9A7129AD0A76}.Debug|x64.Build.0 = Debug|x64
		{AB10D356-2D95-4460-96CA-9A7129AD0A76}.Debug|x86.ActiveCfg = Debug|x64
		{AB10D356-2D95-4460-96CA-9A7129AD0A76}.Debug|x86.Build.0 = Debug|x64
		{AB10D356-2D95-4460-96CA-9A7129AD0A76}.Release|Any CPU.ActiveCfg = Release|x64
		{AB10D356-2D95-4460-96CA-9A7129AD0A76}.Release|Any CPU.Build.0 = Release|x64
		{AB10D356-2D95-4460-96CA-9A7129AD0A76}.Release|x64.ActiveCfg = Release|x64
		{AB10D356-2D95-4460-96CA-9A7129AD0A76}.Release|x64.Build.0 = Release|x64
		{AB10D356-2D95-4460-96CA-9A7129AD0A76}.Release|x86.ActiveCfg = Release|x64
		{AB10D356-2D95-4460-96CA-9A7129AD0A76}.Release|x86.Build.0 = Release|x64
		{74A506F6-A9CC-4799-98E9-A9A10255D06F}.Debug|Any CPU.ActiveCfg = Debug|Any CPU
		{74A506F6-A9CC-4799-98E9-A9A10255D06F}.Debug|Any CPU.Build.0 = Debug|Any CPU
		{74A506F6-A9CC-4799-98E9-A9A10255D06F}.Debug|x64.ActiveCfg = Debug|x64
		{74A506F6-A9CC-4799-98E9-A9A10255D06F}.Debug|x64.Build.0 = Debug|x64
		{74A506F6-A9CC-4799-98E9-A9A10255D06F}.Debug|x86.ActiveCfg = Debug|x86
		{74A506F6-A9CC-4799-98E9-A9A10255D06F}.Debug|x86.Build.0 = Debug|x86
		{74A506F6-A9CC-4799-98E9-A9A10255D06F}.Release|Any CPU.ActiveCfg = Release|Any CPU
		{74A506F6-A9CC-4799-98E9-A9A10255D06F}.Release|Any CPU.Build.0 = Release|Any CPU
		{74A506F6-A9CC-4799-98E9-A9A10255D06F}.Release|x64.ActiveCfg = Release|x64
		{74A506F6-A9CC-4799-98E9-A9A10255D06F}.Release|x64.Build.0 = Release|x64
		{74A506F6-A9CC-4799-98E9-A9A10255D06F}.Release|x86.ActiveCfg = Release|x86
		{74A506F6-A9CC-4799-98E9-A9A10255D06F}.Release|x86.Build.0 = Release|x86
		{4F17D541-369A-4EE3-BB18-AF889B62E131}.Debug|Any CPU.ActiveCfg = Debug|x64
		{4F17D541-369A-4EE3-BB18-AF889B62E131}.Debug|Any CPU.Build.0 = Debug|x64
		{4F17D541-369A-4EE3-BB18-AF889B62E131}.Debug|x64.ActiveCfg = Debug|x64
		{4F17D541-369A-4EE3-BB18-AF889B62E131}.Debug|x64.Build.0 = Debug|x64
		{4F17D541-369A-4EE3-BB18-AF889B62E131}.Debug|x86.ActiveCfg = Debug|Win32
		{4F17D541-369A-4EE3-BB18-AF889B62E131}.Debug|x86.Build.0 = Debug|Win32
		{4F17D541-369A-4EE3-BB18-AF889B62E131}.Release|Any CPU.ActiveCfg = Release|x64
		{4F17D541-369A-4EE3-BB18-AF889B62E131}.Release|Any CPU.Build.0 = Release|x64
		{4F17D541-369A-4EE3-BB18-AF889B62E131}.Release|x64.ActiveCfg = Release|x64
		{4F17D541-369A-4EE3-BB18-AF889B62E131}.Release|x64.Build.0 = Release|x64
		{4F17D541-369A-4EE3-BB18-AF889B62E131}.Release|x86.ActiveCfg = Release|Win32
		{4F17D541-369A-4EE3-BB18-AF889B62E131}.Release|x86.Build.0 = Release|Win32
		{DC4A3EEB-7FAF-4FBF-B5C6-6496FC493C4E}.Debug|Any CPU.ActiveCfg = Debug|Any CPU
		{DC4A3EEB-7FAF-4FBF-B5C6-6496FC493C4E}.Debug|Any CPU.Build.0 = Debug|Any CPU
		{DC4A3EEB-7FAF-4FBF-B5C6-6496FC493C4E}.Debug|x64.ActiveCfg = Debug|Any CPU
		{DC4A3EEB-7FAF-4FBF-B5C6-6496FC493C4E}.Debug|x64.Build.0 = Debug|Any CPU
		{DC4A3EEB-7FAF-4FBF-B5C6-6496FC493C4E}.Debug|x86.ActiveCfg = Debug|Any CPU
		{DC4A3EEB-7FAF-4FBF-B5C6-6496FC493C4E}.Debug|x86.Build.0 = Debug|Any CPU
		{DC4A3EEB-7FAF-4FBF-B5C6-6496FC493C4E}.Release|Any CPU.ActiveCfg = Release|Any CPU
		{DC4A3EEB-7FAF-4FBF-B5C6-6496FC493C4E}.Release|Any CPU.Build.0 = Release|Any CPU
		{DC4A3EEB-7FAF-4FBF-B5C6-6496FC493C4E}.Release|x64.ActiveCfg = Release|Any CPU
		{DC4A3EEB-7FAF-4FBF-B5C6-6496FC493C4E}.Release|x64.Build.0 = Release|Any CPU
		{DC4A3EEB-7FAF-4FBF-B5C6-6496FC493C4E}.Release|x86.ActiveCfg = Release|Any CPU
		{DC4A3EEB-7FAF-4FBF-B5C6-6496FC493C4E}.Release|x86.Build.0 = Release|Any CPU
		{2C8C26A4-5527-48E2-9E8C-ECB253599923}.Debug|Any CPU.ActiveCfg = Debug|Any CPU
		{2C8C26A4-5527-48E2-9E8C-ECB253599923}.Debug|Any CPU.Build.0 = Debug|Any CPU
		{2C8C26A4-5527-48E2-9E8C-ECB253599923}.Debug|x64.ActiveCfg = Debug|Any CPU
		{2C8C26A4-5527-48E2-9E8C-ECB253599923}.Debug|x64.Build.0 = Debug|Any CPU
		{2C8C26A4-5527-48E2-9E8C-ECB253599923}.Debug|x86.ActiveCfg = Debug|Any CPU
		{2C8C26A4-5527-48E2-9E8C-ECB253599923}.Debug|x86.Build.0 = Debug|Any CPU
		{2C8C26A4-5527-48E2-9E8C-ECB253599923}.Release|Any CPU.ActiveCfg = Release|Any CPU
		{2C8C26A4-5527-48E2-9E8C-ECB253599923}.Release|Any CPU.Build.0 = Release|Any CPU
		{2C8C26A4-5527-48E2-9E8C-ECB253599923}.Release|x64.ActiveCfg = Release|Any CPU
		{2C8C26A4-5527-48E2-9E8C-ECB253599923}.Release|x64.Build.0 = Release|Any CPU
		{2C8C26A4-5527-48E2-9E8C-ECB253599923}.Release|x86.ActiveCfg = Release|Any CPU
		{2C8C26A4-5527-48E2-9E8C-ECB253599923}.Release|x86.Build.0 = Release|Any CPU
		{943237CB-8F28-4DAB-BBF7-4A78FEC44471}.Debug|Any CPU.ActiveCfg = Debug|Any CPU
		{943237CB-8F28-4DAB-BBF7-4A78FEC44471}.Debug|Any CPU.Build.0 = Debug|Any CPU
		{943237CB-8F28-4DAB-BBF7-4A78FEC44471}.Debug|x64.ActiveCfg = Debug|Any CPU
		{943237CB-8F28-4DAB-BBF7-4A78FEC44471}.Debug|x64.Build.0 = Debug|Any CPU
		{943237CB-8F28-4DAB-BBF7-4A78FEC44471}.Debug|x86.ActiveCfg = Debug|Any CPU
		{943237CB-8F28-4DAB-BBF7-4A78FEC44471}.Debug|x86.Build.0 = Debug|Any CPU
		{943237CB-8F28-4DAB-BBF7-4A78FEC44471}.Release|Any CPU.ActiveCfg = Release|Any CPU
		{943237CB-8F28-4DAB-BBF7-4A78FEC44471}.Release|Any CPU.Build.0 = Release|Any CPU
		{943237CB-8F28-4DAB-BBF7-4A78FEC44471}.Release|x64.ActiveCfg = Release|Any CPU
		{943237CB-8F28-4DAB-BBF7-4A78FEC44471}.Release|x64.Build.0 = Release|Any CPU
		{943237CB-8F28-4DAB-BBF7-4A78FEC44471}.Release|x86.ActiveCfg = Release|Any CPU
		{943237CB-8F28-4DAB-BBF7-4A78FEC44471}.Release|x86.Build.0 = Release|Any CPU
		{0BFB7371-CA0D-4EB5-8EB4-AEF296321235}.Debug|Any CPU.ActiveCfg = Debug|Any CPU
		{0BFB7371-CA0D-4EB5-8EB4-AEF296321235}.Debug|Any CPU.Build.0 = Debug|Any CPU
		{0BFB7371-CA0D-4EB5-8EB4-AEF296321235}.Debug|x64.ActiveCfg = Debug|Any CPU
		{0BFB7371-CA0D-4EB5-8EB4-AEF296321235}.Debug|x64.Build.0 = Debug|Any CPU
		{0BFB7371-CA0D-4EB5-8EB4-AEF296321235}.Debug|x86.ActiveCfg = Debug|Any CPU
		{0BFB7371-CA0D-4EB5-8EB4-AEF296321235}.Debug|x86.Build.0 = Debug|Any CPU
		{0BFB7371-CA0D-4EB5-8EB4-AEF296321235}.Release|Any CPU.ActiveCfg = Release|Any CPU
		{0BFB7371-CA0D-4EB5-8EB4-AEF296321235}.Release|Any CPU.Build.0 = Release|Any CPU
		{0BFB7371-CA0D-4EB5-8EB4-AEF296321235}.Release|x64.ActiveCfg = Release|Any CPU
		{0BFB7371-CA0D-4EB5-8EB4-AEF296321235}.Release|x64.Build.0 = Release|Any CPU
		{0BFB7371-CA0D-4EB5-8EB4-AEF296321235}.Release|x86.ActiveCfg = Release|Any CPU
		{0BFB7371-CA0D-4EB5-8EB4-AEF296321235}.Release|x86.Build.0 = Release|Any CPU
	EndGlobalSection
	GlobalSection(SolutionProperties) = preSolution
		HideSolutionNode = FALSE
	EndGlobalSection
	GlobalSection(NestedProjects) = preSolution
		{74A506F6-A9CC-4799-98E9-A9A10255D06F} = {A3821481-6313-47B5-9655-AE6F8EF9A878}
		{4F17D541-369A-4EE3-BB18-AF889B62E131} = {A3821481-6313-47B5-9655-AE6F8EF9A878}
	EndGlobalSection
	GlobalSection(ExtensibilityGlobals) = postSolution
		SolutionGuid = {383D8198-0875-459A-9EEC-D4A0E519ECCA}
	EndGlobalSection
EndGlobal
